
Microsoft Visual Studio Solution File, Format Version 12.00
# Visual Studio Version 17
VisualStudioVersion = 17.6.33815.320
MinimumVisualStudioVersion = 10.0.40219.1
Project("{2150E333-8FDC-42A3-9474-1A3956D46DE8}") = "src", "src", "{AB544E30-5BAB-4BF0-8CF0-65BD40A5FC9C}"
EndProject
Project("{2150E333-8FDC-42A3-9474-1A3956D46DE8}") = "test", "test", "{F7EC4EE1-CC46-4915-96A5-2F991C396BB7}"
EndProject
Project("{9A19103F-16F7-4668-BE54-9A1E7A4F7556}") = "Bookify.Domain", "src\Bookify.Domain\Bookify.Domain.csproj", "{C9449D00-407E-4428-AB86-AAE7BF09E19C}"
EndProject
Global
	GlobalSection(SolutionConfigurationPlatforms) = preSolution
		Debug|Any CPU = Debug|Any CPU
		Release|Any CPU = Release|Any CPU
	EndGlobalSection
	GlobalSection(ProjectConfigurationPlatforms) = postSolution
		{C9449D00-407E-4428-AB86-AAE7BF09E19C}.Debug|Any CPU.ActiveCfg = Debug|Any CPU
		{C9449D00-407E-4428-AB86-AAE7BF09E19C}.Debug|Any CPU.Build.0 = Debug|Any CPU
		{C9449D00-407E-4428-AB86-AAE7BF09E19C}.Release|Any CPU.ActiveCfg = Release|Any CPU
		{C9449D00-407E-4428-AB86-AAE7BF09E19C}.Release|Any CPU.Build.0 = Release|Any CPU
	EndGlobalSection
	GlobalSection(SolutionProperties) = preSolution
		HideSolutionNode = FALSE
	EndGlobalSection
	GlobalSection(NestedProjects) = preSolution
		{C9449D00-407E-4428-AB86-AAE7BF09E19C} = {AB544E30-5BAB-4BF0-8CF0-65BD40A5FC9C}
	EndGlobalSection
	GlobalSection(ExtensibilityGlobals) = postSolution
		SolutionGuid = {7886086E-5FDE-4346-9331-C3CEE77E1E7A}
	EndGlobalSection
EndGlobal
